
Microsoft Visual Studio Solution File, Format Version 12.00
# Visual Studio Version 17
VisualStudioVersion = 17.6.33723.286
MinimumVisualStudioVersion = 10.0.40219.1
Project("{FAE04EC0-301F-11D3-BF4B-00C04F79EFBC}") = "UnoCameraSupport", "UnoCameraSupport\UnoCameraSupport.csproj", "{4C42EFE1-88F9-4F98-954A-84A474F1AFD0}"
EndProject
Project("{FAE04EC0-301F-11D3-BF4B-00C04F79EFBC}") = "UnoCameraSupport.DataContracts", "UnoCameraSupport.DataContracts\UnoCameraSupport.DataContracts.csproj", "{581520CE-CD51-4FAF-93BB-4EF03A16DB65}"
EndProject
Project("{2150E333-8FDC-42A3-9474-1A3956D46DE8}") = "Tests", "Tests", "{51E87FC3-C77C-4DAF-94BA-4AFF138A7CD6}"
EndProject
Project("{9A19103F-16F7-4668-BE54-9A1E7A4F7556}") = "UnoCameraSupport.Tests", "UnoCameraSupport.Tests\UnoCameraSupport.Tests.csproj", "{64C45EF4-D75E-4F6D-BF16-ADA6B026D19F}"
EndProject
Project("{9A19103F-16F7-4668-BE54-9A1E7A4F7556}") = "UnoCameraSupport.UITests", "UnoCameraSupport.UITests\UnoCameraSupport.UITests.csproj", "{61C902B1-37BC-4740-A6FD-C69272542566}"
EndProject
Project("{2150E333-8FDC-42A3-9474-1A3956D46DE8}") = "Backend", "Backend", "{A2F718FC-B95F-4469-96C3-A686EBAA806C}"
EndProject
Project("{9A19103F-16F7-4668-BE54-9A1E7A4F7556}") = "UnoCameraSupport.Server", "UnoCameraSupport.Server\UnoCameraSupport.Server.csproj", "{789CD1F1-3A8E-4E29-97FC-9A4B2BACB0D8}"
EndProject
Project("{2150E333-8FDC-42A3-9474-1A3956D46DE8}") = "Platforms", "Platforms", "{80B405AC-AE7B-4DE3-9FDD-3C7FED1CB217}"
EndProject
Project("{9A19103F-16F7-4668-BE54-9A1E7A4F7556}") = "UnoCameraSupport.Mobile", "UnoCameraSupport.Mobile\UnoCameraSupport.Mobile.csproj", "{1FE4644D-7B63-487B-8813-A2E50E8C7C6B}"
EndProject
Project("{9A19103F-16F7-4668-BE54-9A1E7A4F7556}") = "UnoCameraSupport.Windows", "UnoCameraSupport.Windows\UnoCameraSupport.Windows.csproj", "{65356076-BC4A-4868-9097-7A562026F639}"
EndProject
Project("{9A19103F-16F7-4668-BE54-9A1E7A4F7556}") = "UnoCameraSupport.Wasm", "UnoCameraSupport.Wasm\UnoCameraSupport.Wasm.csproj", "{D01C4D6E-73E2-47CB-8BEF-41AFB94BAA16}"
EndProject
Global
	GlobalSection(SolutionConfigurationPlatforms) = preSolution
		Debug|Any CPU = Debug|Any CPU
		Debug|arm64 = Debug|arm64
		Debug|x64 = Debug|x64
		Debug|x86 = Debug|x86
		Release|Any CPU = Release|Any CPU
		Release|arm64 = Release|arm64
		Release|x64 = Release|x64
		Release|x86 = Release|x86
	EndGlobalSection
	GlobalSection(ProjectConfigurationPlatforms) = postSolution
		{4C42EFE1-88F9-4F98-954A-84A474F1AFD0}.Debug|Any CPU.ActiveCfg = Debug|Any CPU
		{4C42EFE1-88F9-4F98-954A-84A474F1AFD0}.Debug|Any CPU.Build.0 = Debug|Any CPU
		{4C42EFE1-88F9-4F98-954A-84A474F1AFD0}.Debug|arm64.ActiveCfg = Debug|Any CPU
		{4C42EFE1-88F9-4F98-954A-84A474F1AFD0}.Debug|arm64.Build.0 = Debug|Any CPU
		{4C42EFE1-88F9-4F98-954A-84A474F1AFD0}.Debug|x64.ActiveCfg = Debug|Any CPU
		{4C42EFE1-88F9-4F98-954A-84A474F1AFD0}.Debug|x64.Build.0 = Debug|Any CPU
		{4C42EFE1-88F9-4F98-954A-84A474F1AFD0}.Debug|x86.ActiveCfg = Debug|Any CPU
		{4C42EFE1-88F9-4F98-954A-84A474F1AFD0}.Debug|x86.Build.0 = Debug|Any CPU
		{4C42EFE1-88F9-4F98-954A-84A474F1AFD0}.Release|Any CPU.ActiveCfg = Release|Any CPU
		{4C42EFE1-88F9-4F98-954A-84A474F1AFD0}.Release|Any CPU.Build.0 = Release|Any CPU
		{4C42EFE1-88F9-4F98-954A-84A474F1AFD0}.Release|arm64.ActiveCfg = Release|Any CPU
		{4C42EFE1-88F9-4F98-954A-84A474F1AFD0}.Release|arm64.Build.0 = Release|Any CPU
		{4C42EFE1-88F9-4F98-954A-84A474F1AFD0}.Release|x64.ActiveCfg = Release|Any CPU
		{4C42EFE1-88F9-4F98-954A-84A474F1AFD0}.Release|x64.Build.0 = Release|Any CPU
		{4C42EFE1-88F9-4F98-954A-84A474F1AFD0}.Release|x86.ActiveCfg = Release|Any CPU
		{4C42EFE1-88F9-4F98-954A-84A474F1AFD0}.Release|x86.Build.0 = Release|Any CPU
		{581520CE-CD51-4FAF-93BB-4EF03A16DB65}.Debug|Any CPU.ActiveCfg = Debug|Any CPU
		{581520CE-CD51-4FAF-93BB-4EF03A16DB65}.Debug|Any CPU.Build.0 = Debug|Any CPU
		{581520CE-CD51-4FAF-93BB-4EF03A16DB65}.Debug|arm64.ActiveCfg = Debug|Any CPU
		{581520CE-CD51-4FAF-93BB-4EF03A16DB65}.Debug|arm64.Build.0 = Debug|Any CPU
		{581520CE-CD51-4FAF-93BB-4EF03A16DB65}.Debug|x64.ActiveCfg = Debug|Any CPU
		{581520CE-CD51-4FAF-93BB-4EF03A16DB65}.Debug|x64.Build.0 = Debug|Any CPU
		{581520CE-CD51-4FAF-93BB-4EF03A16DB65}.Debug|x86.ActiveCfg = Debug|Any CPU
		{581520CE-CD51-4FAF-93BB-4EF03A16DB65}.Debug|x86.Build.0 = Debug|Any CPU
		{581520CE-CD51-4FAF-93BB-4EF03A16DB65}.Release|Any CPU.ActiveCfg = Release|Any CPU
		{581520CE-CD51-4FAF-93BB-4EF03A16DB65}.Release|Any CPU.Build.0 = Release|Any CPU
		{581520CE-CD51-4FAF-93BB-4EF03A16DB65}.Release|arm64.ActiveCfg = Release|Any CPU
		{581520CE-CD51-4FAF-93BB-4EF03A16DB65}.Release|arm64.Build.0 = Release|Any CPU
		{581520CE-CD51-4FAF-93BB-4EF03A16DB65}.Release|x64.ActiveCfg = Release|Any CPU
		{581520CE-CD51-4FAF-93BB-4EF03A16DB65}.Release|x64.Build.0 = Release|Any CPU
		{581520CE-CD51-4FAF-93BB-4EF03A16DB65}.Release|x86.ActiveCfg = Release|Any CPU
		{581520CE-CD51-4FAF-93BB-4EF03A16DB65}.Release|x86.Build.0 = Release|Any CPU
		{64C45EF4-D75E-4F6D-BF16-ADA6B026D19F}.Debug|Any CPU.ActiveCfg = Debug|Any CPU
		{64C45EF4-D75E-4F6D-BF16-ADA6B026D19F}.Debug|Any CPU.Build.0 = Debug|Any CPU
		{64C45EF4-D75E-4F6D-BF16-ADA6B026D19F}.Debug|arm64.ActiveCfg = Debug|Any CPU
		{64C45EF4-D75E-4F6D-BF16-ADA6B026D19F}.Debug|arm64.Build.0 = Debug|Any CPU
		{64C45EF4-D75E-4F6D-BF16-ADA6B026D19F}.Debug|x64.ActiveCfg = Debug|Any CPU
		{64C45EF4-D75E-4F6D-BF16-ADA6B026D19F}.Debug|x64.Build.0 = Debug|Any CPU
		{64C45EF4-D75E-4F6D-BF16-ADA6B026D19F}.Debug|x86.ActiveCfg = Debug|Any CPU
		{64C45EF4-D75E-4F6D-BF16-ADA6B026D19F}.Debug|x86.Build.0 = Debug|Any CPU
		{64C45EF4-D75E-4F6D-BF16-ADA6B026D19F}.Release|Any CPU.ActiveCfg = Release|Any CPU
		{64C45EF4-D75E-4F6D-BF16-ADA6B026D19F}.Release|Any CPU.Build.0 = Release|Any CPU
		{64C45EF4-D75E-4F6D-BF16-ADA6B026D19F}.Release|arm64.ActiveCfg = Release|Any CPU
		{64C45EF4-D75E-4F6D-BF16-ADA6B026D19F}.Release|arm64.Build.0 = Release|Any CPU
		{64C45EF4-D75E-4F6D-BF16-ADA6B026D19F}.Release|x64.ActiveCfg = Release|Any CPU
		{64C45EF4-D75E-4F6D-BF16-ADA6B026D19F}.Release|x64.Build.0 = Release|Any CPU
		{64C45EF4-D75E-4F6D-BF16-ADA6B026D19F}.Release|x86.ActiveCfg = Release|Any CPU
		{64C45EF4-D75E-4F6D-BF16-ADA6B026D19F}.Release|x86.Build.0 = Release|Any CPU
		{61C902B1-37BC-4740-A6FD-C69272542566}.Debug|Any CPU.ActiveCfg = Debug|Any CPU
		{61C902B1-37BC-4740-A6FD-C69272542566}.Debug|Any CPU.Build.0 = Debug|Any CPU
		{61C902B1-37BC-4740-A6FD-C69272542566}.Debug|arm64.ActiveCfg = Debug|Any CPU
		{61C902B1-37BC-4740-A6FD-C69272542566}.Debug|arm64.Build.0 = Debug|Any CPU
		{61C902B1-37BC-4740-A6FD-C69272542566}.Debug|x64.ActiveCfg = Debug|Any CPU
		{61C902B1-37BC-4740-A6FD-C69272542566}.Debug|x64.Build.0 = Debug|Any CPU
		{61C902B1-37BC-4740-A6FD-C69272542566}.Debug|x86.ActiveCfg = Debug|Any CPU
		{61C902B1-37BC-4740-A6FD-C69272542566}.Debug|x86.Build.0 = Debug|Any CPU
		{61C902B1-37BC-4740-A6FD-C69272542566}.Release|Any CPU.ActiveCfg = Release|Any CPU
		{61C902B1-37BC-4740-A6FD-C69272542566}.Release|Any CPU.Build.0 = Release|Any CPU
		{61C902B1-37BC-4740-A6FD-C69272542566}.Release|arm64.ActiveCfg = Release|Any CPU
		{61C902B1-37BC-4740-A6FD-C69272542566}.Release|arm64.Build.0 = Release|Any CPU
		{61C902B1-37BC-4740-A6FD-C69272542566}.Release|x64.ActiveCfg = Release|Any CPU
		{61C902B1-37BC-4740-A6FD-C69272542566}.Release|x64.Build.0 = Release|Any CPU
		{61C902B1-37BC-4740-A6FD-C69272542566}.Release|x86.ActiveCfg = Release|Any CPU
		{61C902B1-37BC-4740-A6FD-C69272542566}.Release|x86.Build.0 = Release|Any CPU
		{789CD1F1-3A8E-4E29-97FC-9A4B2BACB0D8}.Debug|Any CPU.ActiveCfg = Debug|Any CPU
		{789CD1F1-3A8E-4E29-97FC-9A4B2BACB0D8}.Debug|Any CPU.Build.0 = Debug|Any CPU
		{789CD1F1-3A8E-4E29-97FC-9A4B2BACB0D8}.Debug|arm64.ActiveCfg = Debug|Any CPU
		{789CD1F1-3A8E-4E29-97FC-9A4B2BACB0D8}.Debug|arm64.Build.0 = Debug|Any CPU
		{789CD1F1-3A8E-4E29-97FC-9A4B2BACB0D8}.Debug|x64.ActiveCfg = Debug|Any CPU
		{789CD1F1-3A8E-4E29-97FC-9A4B2BACB0D8}.Debug|x64.Build.0 = Debug|Any CPU
		{789CD1F1-3A8E-4E29-97FC-9A4B2BACB0D8}.Debug|x86.ActiveCfg = Debug|Any CPU
		{789CD1F1-3A8E-4E29-97FC-9A4B2BACB0D8}.Debug|x86.Build.0 = Debug|Any CPU
		{789CD1F1-3A8E-4E29-97FC-9A4B2BACB0D8}.Release|Any CPU.ActiveCfg = Release|Any CPU
		{789CD1F1-3A8E-4E29-97FC-9A4B2BACB0D8}.Release|Any CPU.Build.0 = Release|Any CPU
		{789CD1F1-3A8E-4E29-97FC-9A4B2BACB0D8}.Release|arm64.ActiveCfg = Release|Any CPU
		{789CD1F1-3A8E-4E29-97FC-9A4B2BACB0D8}.Release|arm64.Build.0 = Release|Any CPU
		{789CD1F1-3A8E-4E29-97FC-9A4B2BACB0D8}.Release|x64.ActiveCfg = Release|Any CPU
		{789CD1F1-3A8E-4E29-97FC-9A4B2BACB0D8}.Release|x64.Build.0 = Release|Any CPU
		{789CD1F1-3A8E-4E29-97FC-9A4B2BACB0D8}.Release|x86.ActiveCfg = Release|Any CPU
		{789CD1F1-3A8E-4E29-97FC-9A4B2BACB0D8}.Release|x86.Build.0 = Release|Any CPU
		{1FE4644D-7B63-487B-8813-A2E50E8C7C6B}.Debug|Any CPU.ActiveCfg = Debug|Any CPU
		{1FE4644D-7B63-487B-8813-A2E50E8C7C6B}.Debug|Any CPU.Build.0 = Debug|Any CPU
		{1FE4644D-7B63-487B-8813-A2E50E8C7C6B}.Debug|Any CPU.Deploy.0 = Debug|Any CPU
		{1FE4644D-7B63-487B-8813-A2E50E8C7C6B}.Debug|arm64.ActiveCfg = Debug|Any CPU
		{1FE4644D-7B63-487B-8813-A2E50E8C7C6B}.Debug|arm64.Build.0 = Debug|Any CPU
		{1FE4644D-7B63-487B-8813-A2E50E8C7C6B}.Debug|arm64.Deploy.0 = Debug|Any CPU
		{1FE4644D-7B63-487B-8813-A2E50E8C7C6B}.Debug|x64.ActiveCfg = Debug|Any CPU
		{1FE4644D-7B63-487B-8813-A2E50E8C7C6B}.Debug|x64.Build.0 = Debug|Any CPU
		{1FE4644D-7B63-487B-8813-A2E50E8C7C6B}.Debug|x64.Deploy.0 = Debug|Any CPU
		{1FE4644D-7B63-487B-8813-A2E50E8C7C6B}.Debug|x86.ActiveCfg = Debug|Any CPU
		{1FE4644D-7B63-487B-8813-A2E50E8C7C6B}.Debug|x86.Build.0 = Debug|Any CPU
		{1FE4644D-7B63-487B-8813-A2E50E8C7C6B}.Debug|x86.Deploy.0 = Debug|Any CPU
		{1FE4644D-7B63-487B-8813-A2E50E8C7C6B}.Release|Any CPU.ActiveCfg = Release|Any CPU
		{1FE4644D-7B63-487B-8813-A2E50E8C7C6B}.Release|Any CPU.Build.0 = Release|Any CPU
		{1FE4644D-7B63-487B-8813-A2E50E8C7C6B}.Release|Any CPU.Deploy.0 = Release|Any CPU
		{1FE4644D-7B63-487B-8813-A2E50E8C7C6B}.Release|arm64.ActiveCfg = Release|Any CPU
		{1FE4644D-7B63-487B-8813-A2E50E8C7C6B}.Release|arm64.Build.0 = Release|Any CPU
		{1FE4644D-7B63-487B-8813-A2E50E8C7C6B}.Release|arm64.Deploy.0 = Release|Any CPU
		{1FE4644D-7B63-487B-8813-A2E50E8C7C6B}.Release|x64.ActiveCfg = Release|Any CPU
		{1FE4644D-7B63-487B-8813-A2E50E8C7C6B}.Release|x64.Build.0 = Release|Any CPU
		{1FE4644D-7B63-487B-8813-A2E50E8C7C6B}.Release|x64.Deploy.0 = Release|Any CPU
		{1FE4644D-7B63-487B-8813-A2E50E8C7C6B}.Release|x86.ActiveCfg = Release|Any CPU
		{1FE4644D-7B63-487B-8813-A2E50E8C7C6B}.Release|x86.Build.0 = Release|Any CPU
		{1FE4644D-7B63-487B-8813-A2E50E8C7C6B}.Release|x86.Deploy.0 = Release|Any CPU
		{65356076-BC4A-4868-9097-7A562026F639}.Debug|Any CPU.ActiveCfg = Debug|x64
		{65356076-BC4A-4868-9097-7A562026F639}.Debug|Any CPU.Build.0 = Debug|x64
		{65356076-BC4A-4868-9097-7A562026F639}.Debug|Any CPU.Deploy.0 = Debug|x64
		{65356076-BC4A-4868-9097-7A562026F639}.Debug|arm64.ActiveCfg = Debug|arm64
		{65356076-BC4A-4868-9097-7A562026F639}.Debug|arm64.Build.0 = Debug|arm64
		{65356076-BC4A-4868-9097-7A562026F639}.Debug|arm64.Deploy.0 = Debug|arm64
		{65356076-BC4A-4868-9097-7A562026F639}.Debug|x64.ActiveCfg = Debug|x64
		{65356076-BC4A-4868-9097-7A562026F639}.Debug|x64.Build.0 = Debug|x64
		{65356076-BC4A-4868-9097-7A562026F639}.Debug|x64.Deploy.0 = Debug|x64
		{65356076-BC4A-4868-9097-7A562026F639}.Debug|x86.ActiveCfg = Debug|x86
		{65356076-BC4A-4868-9097-7A562026F639}.Debug|x86.Build.0 = Debug|x86
		{65356076-BC4A-4868-9097-7A562026F639}.Debug|x86.Deploy.0 = Debug|x86
		{65356076-BC4A-4868-9097-7A562026F639}.Release|Any CPU.ActiveCfg = Release|x64
		{65356076-BC4A-4868-9097-7A562026F639}.Release|Any CPU.Build.0 = Release|x64
		{65356076-BC4A-4868-9097-7A562026F639}.Release|Any CPU.Deploy.0 = Release|x64
		{65356076-BC4A-4868-9097-7A562026F639}.Release|arm64.ActiveCfg = Release|arm64
		{65356076-BC4A-4868-9097-7A562026F639}.Release|arm64.Build.0 = Release|arm64
		{65356076-BC4A-4868-9097-7A562026F639}.Release|arm64.Deploy.0 = Release|arm64
		{65356076-BC4A-4868-9097-7A562026F639}.Release|x64.ActiveCfg = Release|x64
		{65356076-BC4A-4868-9097-7A562026F639}.Release|x64.Build.0 = Release|x64
		{65356076-BC4A-4868-9097-7A562026F639}.Release|x64.Deploy.0 = Release|x64
		{65356076-BC4A-4868-9097-7A562026F639}.Release|x86.ActiveCfg = Release|x86
		{65356076-BC4A-4868-9097-7A562026F639}.Release|x86.Build.0 = Release|x86
		{65356076-BC4A-4868-9097-7A562026F639}.Release|x86.Deploy.0 = Release|x86
		{D01C4D6E-73E2-47CB-8BEF-41AFB94BAA16}.Debug|Any CPU.ActiveCfg = Debug|Any CPU
		{D01C4D6E-73E2-47CB-8BEF-41AFB94BAA16}.Debug|Any CPU.Build.0 = Debug|Any CPU
		{D01C4D6E-73E2-47CB-8BEF-41AFB94BAA16}.Debug|arm64.ActiveCfg = Debug|Any CPU
		{D01C4D6E-73E2-47CB-8BEF-41AFB94BAA16}.Debug|arm64.Build.0 = Debug|Any CPU
		{D01C4D6E-73E2-47CB-8BEF-41AFB94BAA16}.Debug|x64.ActiveCfg = Debug|Any CPU
		{D01C4D6E-73E2-47CB-8BEF-41AFB94BAA16}.Debug|x64.Build.0 = Debug|Any CPU
		{D01C4D6E-73E2-47CB-8BEF-41AFB94BAA16}.Debug|x86.ActiveCfg = Debug|Any CPU
		{D01C4D6E-73E2-47CB-8BEF-41AFB94BAA16}.Debug|x86.Build.0 = Debug|Any CPU
		{D01C4D6E-73E2-47CB-8BEF-41AFB94BAA16}.Release|Any CPU.ActiveCfg = Release|Any CPU
		{D01C4D6E-73E2-47CB-8BEF-41AFB94BAA16}.Release|Any CPU.Build.0 = Release|Any CPU
		{D01C4D6E-73E2-47CB-8BEF-41AFB94BAA16}.Release|arm64.ActiveCfg = Release|Any CPU
		{D01C4D6E-73E2-47CB-8BEF-41AFB94BAA16}.Release|arm64.Build.0 = Release|Any CPU
		{D01C4D6E-73E2-47CB-8BEF-41AFB94BAA16}.Release|x64.ActiveCfg = Release|Any CPU
		{D01C4D6E-73E2-47CB-8BEF-41AFB94BAA16}.Release|x64.Build.0 = Release|Any CPU
		{D01C4D6E-73E2-47CB-8BEF-41AFB94BAA16}.Release|x86.ActiveCfg = Release|Any CPU
		{D01C4D6E-73E2-47CB-8BEF-41AFB94BAA16}.Release|x86.Build.0 = Release|Any CPU
	EndGlobalSection
	GlobalSection(SolutionProperties) = preSolution
		HideSolutionNode = FALSE
	EndGlobalSection
	GlobalSection(NestedProjects) = preSolution
		{64C45EF4-D75E-4F6D-BF16-ADA6B026D19F} = {51E87FC3-C77C-4DAF-94BA-4AFF138A7CD6}
		{61C902B1-37BC-4740-A6FD-C69272542566} = {51E87FC3-C77C-4DAF-94BA-4AFF138A7CD6}
		{789CD1F1-3A8E-4E29-97FC-9A4B2BACB0D8} = {A2F718FC-B95F-4469-96C3-A686EBAA806C}
		{1FE4644D-7B63-487B-8813-A2E50E8C7C6B} = {80B405AC-AE7B-4DE3-9FDD-3C7FED1CB217}
		{65356076-BC4A-4868-9097-7A562026F639} = {80B405AC-AE7B-4DE3-9FDD-3C7FED1CB217}
		{D01C4D6E-73E2-47CB-8BEF-41AFB94BAA16} = {80B405AC-AE7B-4DE3-9FDD-3C7FED1CB217}
	EndGlobalSection
	GlobalSection(ExtensibilityGlobals) = postSolution
		SolutionGuid = {21720EFE-1B99-4135-A96F-5B052CE0ADFB}
	EndGlobalSection
EndGlobal
